
Microsoft Visual Studio Solution File, Format Version 12.00
# Visual Studio Version 17
VisualStudioVersion = 17.0.31903.59
MinimumVisualStudioVersion = 10.0.40219.1
Project("{FAE04EC0-301F-11D3-BF4B-00C04F79EFBC}") = "Problem-1", "Problem-1\Problem-1.csproj", "{2AA0B430-FBF7-4BD9-AE51-A075DB228EC4}"
EndProject
Project("{FAE04EC0-301F-11D3-BF4B-00C04F79EFBC}") = "Problem-2", "Problem-2\Problem-2.csproj", "{81D313A6-4C83-4BC6-B6AD-507FC8983234}"
EndProject
Project("{FAE04EC0-301F-11D3-BF4B-00C04F79EFBC}") = "Problem-1B", "Problem-1B\Problem-1B.csproj", "{7BE60AC6-70B4-49FF-B497-BDE64812B19C}"
EndProject
Project("{FAE04EC0-301F-11D3-BF4B-00C04F79EFBC}") = "Problem-2B", "Problem-2B\Problem-2B.csproj", "{38862617-9D07-4F36-B503-6D4A13972C9D}"
EndProject
Project("{FAE04EC0-301F-11D3-BF4B-00C04F79EFBC}") = "Problem-3", "Problem-3\Problem-3.csproj", "{5E59C5C2-B964-4E2C-84F7-CB640C74DA30}"
EndProject
Project("{FAE04EC0-301F-11D3-BF4B-00C04F79EFBC}") = "Problem-4", "Problem-4\Problem-4.csproj", "{0A89DA7E-1738-4458-9EB6-3EF517703C54}"
EndProject
Project("{FAE04EC0-301F-11D3-BF4B-00C04F79EFBC}") = "Problem-4B", "Problem-4B\Problem-4B.csproj", "{EED5703E-7F65-4BF3-860D-5A6C85227C8D}"
EndProject
Project("{FAE04EC0-301F-11D3-BF4B-00C04F79EFBC}") = "Problem-4C", "Problem-4C\Problem-4C.csproj", "{7ED24236-30BF-48B5-94BA-AD4F0510B3B4}"
EndProject
Project("{FAE04EC0-301F-11D3-BF4B-00C04F79EFBC}") = "Problem-4D", "Problem-4D\Problem-4D.csproj", "{715D8E8B-ED2B-4AFB-91BA-8C9CB90BFE95}"
EndProject
Project("{FAE04EC0-301F-11D3-BF4B-00C04F79EFBC}") = "Problem-8", "Problem-8\Problem-8.csproj", "{2AA428CC-6B8B-4481-9ED5-91F02DF04322}"
EndProject
<<<<<<< HEAD
Project("{FAE04EC0-301F-11D3-BF4B-00C04F79EFBC}") = "Problem-9", "Problem-9\Problem-9.csproj", "{9D1182D7-3A2E-4092-878C-F2E19162F31B}"
=======
Project("{FAE04EC0-301F-11D3-BF4B-00C04F79EFBC}") = "Problem-9", "Problem-9\Problem-9.csproj", "{9268A301-47D0-464D-A423-DAAFC9E07AC4}"
>>>>>>> 218f099b898d08b49f49729d2a90c05e0f87be8f
EndProject
Global
	GlobalSection(SolutionConfigurationPlatforms) = preSolution
		Debug|Any CPU = Debug|Any CPU
		Release|Any CPU = Release|Any CPU
	EndGlobalSection
	GlobalSection(SolutionProperties) = preSolution
		HideSolutionNode = FALSE
	EndGlobalSection
	GlobalSection(ProjectConfigurationPlatforms) = postSolution
		{2AA0B430-FBF7-4BD9-AE51-A075DB228EC4}.Debug|Any CPU.ActiveCfg = Debug|Any CPU
		{2AA0B430-FBF7-4BD9-AE51-A075DB228EC4}.Debug|Any CPU.Build.0 = Debug|Any CPU
		{2AA0B430-FBF7-4BD9-AE51-A075DB228EC4}.Release|Any CPU.ActiveCfg = Release|Any CPU
		{2AA0B430-FBF7-4BD9-AE51-A075DB228EC4}.Release|Any CPU.Build.0 = Release|Any CPU
		{81D313A6-4C83-4BC6-B6AD-507FC8983234}.Debug|Any CPU.ActiveCfg = Debug|Any CPU
		{81D313A6-4C83-4BC6-B6AD-507FC8983234}.Debug|Any CPU.Build.0 = Debug|Any CPU
		{81D313A6-4C83-4BC6-B6AD-507FC8983234}.Release|Any CPU.ActiveCfg = Release|Any CPU
		{81D313A6-4C83-4BC6-B6AD-507FC8983234}.Release|Any CPU.Build.0 = Release|Any CPU
		{7BE60AC6-70B4-49FF-B497-BDE64812B19C}.Debug|Any CPU.ActiveCfg = Debug|Any CPU
		{7BE60AC6-70B4-49FF-B497-BDE64812B19C}.Debug|Any CPU.Build.0 = Debug|Any CPU
		{7BE60AC6-70B4-49FF-B497-BDE64812B19C}.Release|Any CPU.ActiveCfg = Release|Any CPU
		{7BE60AC6-70B4-49FF-B497-BDE64812B19C}.Release|Any CPU.Build.0 = Release|Any CPU
		{38862617-9D07-4F36-B503-6D4A13972C9D}.Debug|Any CPU.ActiveCfg = Debug|Any CPU
		{38862617-9D07-4F36-B503-6D4A13972C9D}.Debug|Any CPU.Build.0 = Debug|Any CPU
		{38862617-9D07-4F36-B503-6D4A13972C9D}.Release|Any CPU.ActiveCfg = Release|Any CPU
		{38862617-9D07-4F36-B503-6D4A13972C9D}.Release|Any CPU.Build.0 = Release|Any CPU
		{5E59C5C2-B964-4E2C-84F7-CB640C74DA30}.Debug|Any CPU.ActiveCfg = Debug|Any CPU
		{5E59C5C2-B964-4E2C-84F7-CB640C74DA30}.Debug|Any CPU.Build.0 = Debug|Any CPU
		{5E59C5C2-B964-4E2C-84F7-CB640C74DA30}.Release|Any CPU.ActiveCfg = Release|Any CPU
		{5E59C5C2-B964-4E2C-84F7-CB640C74DA30}.Release|Any CPU.Build.0 = Release|Any CPU
		{0A89DA7E-1738-4458-9EB6-3EF517703C54}.Debug|Any CPU.ActiveCfg = Debug|Any CPU
		{0A89DA7E-1738-4458-9EB6-3EF517703C54}.Debug|Any CPU.Build.0 = Debug|Any CPU
		{0A89DA7E-1738-4458-9EB6-3EF517703C54}.Release|Any CPU.ActiveCfg = Release|Any CPU
		{0A89DA7E-1738-4458-9EB6-3EF517703C54}.Release|Any CPU.Build.0 = Release|Any CPU
		{EED5703E-7F65-4BF3-860D-5A6C85227C8D}.Debug|Any CPU.ActiveCfg = Debug|Any CPU
		{EED5703E-7F65-4BF3-860D-5A6C85227C8D}.Debug|Any CPU.Build.0 = Debug|Any CPU
		{EED5703E-7F65-4BF3-860D-5A6C85227C8D}.Release|Any CPU.ActiveCfg = Release|Any CPU
		{EED5703E-7F65-4BF3-860D-5A6C85227C8D}.Release|Any CPU.Build.0 = Release|Any CPU
		{7ED24236-30BF-48B5-94BA-AD4F0510B3B4}.Debug|Any CPU.ActiveCfg = Debug|Any CPU
		{7ED24236-30BF-48B5-94BA-AD4F0510B3B4}.Debug|Any CPU.Build.0 = Debug|Any CPU
		{7ED24236-30BF-48B5-94BA-AD4F0510B3B4}.Release|Any CPU.ActiveCfg = Release|Any CPU
		{7ED24236-30BF-48B5-94BA-AD4F0510B3B4}.Release|Any CPU.Build.0 = Release|Any CPU
		{715D8E8B-ED2B-4AFB-91BA-8C9CB90BFE95}.Debug|Any CPU.ActiveCfg = Debug|Any CPU
		{715D8E8B-ED2B-4AFB-91BA-8C9CB90BFE95}.Debug|Any CPU.Build.0 = Debug|Any CPU
		{715D8E8B-ED2B-4AFB-91BA-8C9CB90BFE95}.Release|Any CPU.ActiveCfg = Release|Any CPU
		{715D8E8B-ED2B-4AFB-91BA-8C9CB90BFE95}.Release|Any CPU.Build.0 = Release|Any CPU
		{2AA428CC-6B8B-4481-9ED5-91F02DF04322}.Debug|Any CPU.ActiveCfg = Debug|Any CPU
		{2AA428CC-6B8B-4481-9ED5-91F02DF04322}.Debug|Any CPU.Build.0 = Debug|Any CPU
		{2AA428CC-6B8B-4481-9ED5-91F02DF04322}.Release|Any CPU.ActiveCfg = Release|Any CPU
		{2AA428CC-6B8B-4481-9ED5-91F02DF04322}.Release|Any CPU.Build.0 = Release|Any CPU
<<<<<<< HEAD
		{9D1182D7-3A2E-4092-878C-F2E19162F31B}.Debug|Any CPU.ActiveCfg = Debug|Any CPU
		{9D1182D7-3A2E-4092-878C-F2E19162F31B}.Debug|Any CPU.Build.0 = Debug|Any CPU
		{9D1182D7-3A2E-4092-878C-F2E19162F31B}.Release|Any CPU.ActiveCfg = Release|Any CPU
		{9D1182D7-3A2E-4092-878C-F2E19162F31B}.Release|Any CPU.Build.0 = Release|Any CPU
=======
		{9268A301-47D0-464D-A423-DAAFC9E07AC4}.Debug|Any CPU.ActiveCfg = Debug|Any CPU
		{9268A301-47D0-464D-A423-DAAFC9E07AC4}.Debug|Any CPU.Build.0 = Debug|Any CPU
		{9268A301-47D0-464D-A423-DAAFC9E07AC4}.Release|Any CPU.ActiveCfg = Release|Any CPU
		{9268A301-47D0-464D-A423-DAAFC9E07AC4}.Release|Any CPU.Build.0 = Release|Any CPU
>>>>>>> 218f099b898d08b49f49729d2a90c05e0f87be8f
	EndGlobalSection
EndGlobal
