
Microsoft Visual Studio Solution File, Format Version 12.00
# Visual Studio Version 17
VisualStudioVersion = 17.0.31903.59
MinimumVisualStudioVersion = 10.0.40219.1
Project("{FAE04EC0-301F-11D3-BF4B-00C04F79EFBC}") = "Problem-1", "Problem-1\Problem-1.csproj", "{2AA0B430-FBF7-4BD9-AE51-A075DB228EC4}"
EndProject
Project("{FAE04EC0-301F-11D3-BF4B-00C04F79EFBC}") = "Problem-2", "Problem-2\Problem-2.csproj", "{81D313A6-4C83-4BC6-B6AD-507FC8983234}"
EndProject
Project("{FAE04EC0-301F-11D3-BF4B-00C04F79EFBC}") = "Problem-1B", "Problem-1B\Problem-1B.csproj", "{7BE60AC6-70B4-49FF-B497-BDE64812B19C}"
EndProject
Global
	GlobalSection(SolutionConfigurationPlatforms) = preSolution
		Debug|Any CPU = Debug|Any CPU
		Release|Any CPU = Release|Any CPU
	EndGlobalSection
	GlobalSection(SolutionProperties) = preSolution
		HideSolutionNode = FALSE
	EndGlobalSection
	GlobalSection(ProjectConfigurationPlatforms) = postSolution
		{2AA0B430-FBF7-4BD9-AE51-A075DB228EC4}.Debug|Any CPU.ActiveCfg = Debug|Any CPU
		{2AA0B430-FBF7-4BD9-AE51-A075DB228EC4}.Debug|Any CPU.Build.0 = Debug|Any CPU
		{2AA0B430-FBF7-4BD9-AE51-A075DB228EC4}.Release|Any CPU.ActiveCfg = Release|Any CPU
		{2AA0B430-FBF7-4BD9-AE51-A075DB228EC4}.Release|Any CPU.Build.0 = Release|Any CPU
		{81D313A6-4C83-4BC6-B6AD-507FC8983234}.Debug|Any CPU.ActiveCfg = Debug|Any CPU
		{81D313A6-4C83-4BC6-B6AD-507FC8983234}.Debug|Any CPU.Build.0 = Debug|Any CPU
		{81D313A6-4C83-4BC6-B6AD-507FC8983234}.Release|Any CPU.ActiveCfg = Release|Any CPU
		{81D313A6-4C83-4BC6-B6AD-507FC8983234}.Release|Any CPU.Build.0 = Release|Any CPU
		{7BE60AC6-70B4-49FF-B497-BDE64812B19C}.Debug|Any CPU.ActiveCfg = Debug|Any CPU
		{7BE60AC6-70B4-49FF-B497-BDE64812B19C}.Debug|Any CPU.Build.0 = Debug|Any CPU
		{7BE60AC6-70B4-49FF-B497-BDE64812B19C}.Release|Any CPU.ActiveCfg = Release|Any CPU
		{7BE60AC6-70B4-49FF-B497-BDE64812B19C}.Release|Any CPU.Build.0 = Release|Any CPU
	EndGlobalSection
EndGlobal
